github.com/gohugoio/hugo-mod-jslibs-dist/popperjs/v2 v2.21100.20000 h1:GZxx4Hc+yb0/t3/rau1j8XlAxLE4CyXns2fqQbyqWfs=
github.com/gohugoio/hugo-mod-jslibs-dist/popperjs/v2 v2.21100.20000/go.mod h1:mFberT6ZtcchrsDtfvJM7aAH2bDKLdOnruUHl0hlapI=
github.com/hbstack/bigger-picture v0.4.1 h1:YSJUcSLAVh0/pjCZSY6Eu4SVyNmCasplyFg6zqqIf5A=
github.com/hbstack/bigger-picture v0.4.1/go.mod h1:bgc11l8sJkXiugzyhYvnK/agdslguCOU7Np0qhe0K10=
github.com/hbstack/bs-tooltip v0.1.0 h1:lNsbWQfH+WM2RD8/uD5tQuoMPqJqiiXx0On11nWe3Jg=
github.com/hbstack/bs-tooltip v0.1.0/go.mod h1:CHhLg2OQq5CdRI1UCe52NbBUQb+pNkXFPdyj32gB/uk=
github.com/hbstack/hb v0.1.4 h1:ii6ZusrJ3TLexULedgPIQI60MeHsYL9Izrcaf5THVMg=
github.com/hbstack/hb v0.1.4/go.mod h1:MRDu9z0Iq6B3xTCS8QQ5zX0hzGKDQYMxNXm+GLXinqU=
