github.com/gohugoio/hugo-mod-jslibs-dist/popperjs/v2 v2.21100.20000 h1:GZxx4Hc+yb0/t3/rau1j8XlAxLE4CyXns2fqQbyqWfs=
github.com/gohugoio/hugo-mod-jslibs-dist/popperjs/v2 v2.21100.20000/go.mod h1:mFberT6ZtcchrsDtfvJM7aAH2bDKLdOnruUHl0hlapI=
github.com/hbstack/bigger-picture v0.8.0 h1:jidfPx854K0YN2np9CiwfMuyuOyO6PaaJOx00tjv3TI=
github.com/hbstack/bigger-picture v0.8.0/go.mod h1:ClyJNBxMcVkY3EA6TbgyRERcUXWDtZ6iyYr57urkevI=
github.com/hbstack/bigger-picture v0.9.1/go.mod h1:CficQfdxEJx1U/5JOUOSgAqkH40XxdnSRcvLzsyHMl8=
github.com/hbstack/bigger-picture v0.9.2/go.mod h1:CficQfdxEJx1U/5JOUOSgAqkH40XxdnSRcvLzsyHMl8=
github.com/hbstack/bs-tooltip v0.1.1 h1:3ne4fgVrn90TUPhU5r94AKqY2zD6ZmUFZGVW1wzZEv4=
github.com/hbstack/bs-tooltip v0.1.1/go.mod h1:CHhLg2OQq5CdRI1UCe52NbBUQb+pNkXFPdyj32gB/uk=
github.com/hbstack/hb v0.5.0 h1:5KopgFbczqA1PKcWS1X8YWMjMq698MlasTF8FxH5E4U=
github.com/hbstack/hb v0.5.0/go.mod h1:37E1uTMQx1Hix+VdwlWkW74fi3ct5+KlCCBywv9l3Ac=
github.com/hugomods/icons v0.6.0 h1:G6RU93okhPPRDh/jqcew9gwkcYpSpg0rCBv4S6yUAFw=
github.com/hugomods/icons v0.6.0/go.mod h1:cIkSvK6W0q6N4U6n9KGz+QfRWQXAW0INd+1P31gPNGg=
github.com/twbs/icons v1.10.4 h1:dTJ908V3hAjfooZfF2FaXo76dEX+FV9/PMY60RNq0YY=
github.com/twbs/icons v1.10.4/go.mod h1:GnRlymgVWp5iVJCMa0Me5b6tFyGpVc2bSxPMRGIJmyA=
github.com/twbs/icons v1.10.5/go.mod h1:GnRlymgVWp5iVJCMa0Me5b6tFyGpVc2bSxPMRGIJmyA=
