github.com/gohugoio/hugo-mod-jslibs-dist/popperjs/v2 v2.21100.20000 h1:GZxx4Hc+yb0/t3/rau1j8XlAxLE4CyXns2fqQbyqWfs=
github.com/gohugoio/hugo-mod-jslibs-dist/popperjs/v2 v2.21100.20000/go.mod h1:mFberT6ZtcchrsDtfvJM7aAH2bDKLdOnruUHl0hlapI=
github.com/hbstack/bigger-picture v0.5.0 h1:qx+3XfnqDJTF47UxhSfQRF6eT1fSe3hEDbPa8YSsDDk=
github.com/hbstack/bigger-picture v0.5.0/go.mod h1:bgc11l8sJkXiugzyhYvnK/agdslguCOU7Np0qhe0K10=
github.com/hbstack/bs-tooltip v0.1.1 h1:3ne4fgVrn90TUPhU5r94AKqY2zD6ZmUFZGVW1wzZEv4=
github.com/hbstack/bs-tooltip v0.1.1/go.mod h1:CHhLg2OQq5CdRI1UCe52NbBUQb+pNkXFPdyj32gB/uk=
github.com/hbstack/hb v0.1.4 h1:ii6ZusrJ3TLexULedgPIQI60MeHsYL9Izrcaf5THVMg=
github.com/hbstack/hb v0.1.4/go.mod h1:MRDu9z0Iq6B3xTCS8QQ5zX0hzGKDQYMxNXm+GLXinqU=
