github.com/gohugoio/hugo-mod-bootstrap-scss/v5 v5.20300.20002 h1:6F6sjCSkFIIgqLp4SEIL1Ao9ZfKyM6OmgqEdTlc58Yk=
github.com/gohugoio/hugo-mod-bootstrap-scss/v5 v5.20300.20002/go.mod h1:Q6TrjM78wB13zkOMBSV4IZIZ54tbshmE2fem9CYx2pU=
github.com/gohugoio/hugo-mod-jslibs-dist/popperjs/v2 v2.21100.20000/go.mod h1:mFberT6ZtcchrsDtfvJM7aAH2bDKLdOnruUHl0hlapI=
github.com/hbstack/breadcrumb v0.1.1 h1:CteM/U9MB+3AOf/zC3qOpk6k5FEvNJ94cIfe9M4Ip2s=
github.com/hbstack/breadcrumb v0.1.1/go.mod h1:EnF3Ka4OObgwWhTyZOwB/u/dmeKJKPVbPYgFT1eWwjs=
github.com/hbstack/breadcrumb v0.2.0/go.mod h1:/HsyKPMkXaairW/Ws6tGlc1Zf1DEmjp/v7d2QkY/UC4=
github.com/hbstack/gallery v0.1.0 h1:zcQORuvVHA6EXNwx6ljpvtEhqOTM3kf6aOkSwKaPxrM=
github.com/hbstack/gallery v0.1.0/go.mod h1:0X+LmjD8d0A4gNUNuDShlOtS7PSvqptjpD8V4TkBUr0=
github.com/hbstack/gallery v0.2.0/go.mod h1:OWQG13+sSv529zAzpbSwhwaPjWGWRHPiBR29fZKwda4=
github.com/hbstack/gallery v0.2.2/go.mod h1:Ofic37V8wjqqzaGQaDyx1L/E7TIm7U3Y/meF4GvUhAs=
github.com/hbstack/gallery v0.3.0/go.mod h1:Ofic37V8wjqqzaGQaDyx1L/E7TIm7U3Y/meF4GvUhAs=
github.com/hbstack/gallery v0.4.0/go.mod h1:h+ylv+vXV2UZ/IP9tzxI8xweyIQMr/MAAkaFL/z0oPo=
github.com/hbstack/gallery v0.4.1/go.mod h1:pEm/V68w0YISCUGftyZiArFMy4uqrjMu68CwbAVlIpE=
github.com/hbstack/gallery v0.5.0/go.mod h1:QbWQt6m6D0gnOm1LyvaZQzXU2EVsZgnh+y8z6nMsL/k=
github.com/henrygd/bigger-picture v1.1.7 h1:PFGp5Yg5z+pmlDDyHYlx0xTQqhc95tqXOjD4T0THaBE=
github.com/henrygd/bigger-picture v1.1.7/go.mod h1:LayqbjDNNsZH+ZXklmjBe5T02qxpH9Cah/ygAraOBIk=
github.com/henrygd/bigger-picture v1.1.8/go.mod h1:LayqbjDNNsZH+ZXklmjBe5T02qxpH9Cah/ygAraOBIk=
github.com/hugomods/base v0.1.0 h1:3o9Y85BvXHjkYzZfswM/EtthQ8GOYKN8aXHkIWqu3/8=
github.com/hugomods/base v0.1.0/go.mod h1:hnWCPbVxuhXBwdFax3mmbMlWKmIo/7OP36MCLOyHtT4=
github.com/hugomods/hugopress v0.1.0 h1:qktwbSWtbrEz/nX2wBmxDLzzS4o6/rjp7p0GWcOZ+PU=
github.com/hugomods/hugopress v0.1.0/go.mod h1:CRYvr60xOkZOf4Atkuj+uEj2EH5pjJ39Ws3aJAkoMkA=
github.com/twbs/bootstrap v5.3.0-alpha3+incompatible/go.mod h1:fZTSrkpSf0/HkL0IIJzvVspTt1r9zuf7XlZau8kpcY0=
